// !$*UTF8*$!
{
	archiveVersion = 1;
	classes = {
	};
	objectVersion = 77;
	objects = {

/* Begin PBXContainerItemProxy section */
		6FEC7EEF2CB5006700D51AEF /* PBXContainerItemProxy */ = {
			isa = PBXContainerItemProxy;
			containerPortal = 6FEC7ED02CB5006500D51AEF /* Project object */;
			proxyType = 1;
			remoteGlobalIDString = 6FEC7ED72CB5006500D51AEF;
			remoteInfo = Lyrics;
		};
		6FEC7EF92CB5006700D51AEF /* PBXContainerItemProxy */ = {
			isa = PBXContainerItemProxy;
			containerPortal = 6FEC7ED02CB5006500D51AEF /* Project object */;
			proxyType = 1;
			remoteGlobalIDString = 6FEC7ED72CB5006500D51AEF;
			remoteInfo = Lyrics;
		};
/* End PBXContainerItemProxy section */

/* Begin PBXFileReference section */
		6FEC7ED82CB5006500D51AEF /* Lyrics.app */ = {isa = PBXFileReference; explicitFileType = wrapper.application; includeInIndex = 0; path = Lyrics.app; sourceTree = BUILT_PRODUCTS_DIR; };
		6FEC7EEE2CB5006700D51AEF /* LyricsTests.xctest */ = {isa = PBXFileReference; explicitFileType = wrapper.cfbundle; includeInIndex = 0; path = LyricsTests.xctest; sourceTree = BUILT_PRODUCTS_DIR; };
		6FEC7EF82CB5006700D51AEF /* LyricsUITests.xctest */ = {isa = PBXFileReference; explicitFileType = wrapper.cfbundle; includeInIndex = 0; path = LyricsUITests.xctest; sourceTree = BUILT_PRODUCTS_DIR; };
/* End PBXFileReference section */

/* Begin PBXFileSystemSynchronizedBuildFileExceptionSet section */
		6FEC7F002CB5006700D51AEF /* Exceptions for "Lyrics" folder in "Lyrics" target */ = {
			isa = PBXFileSystemSynchronizedBuildFileExceptionSet;
			membershipExceptions = (
				Info.plist,
			);
			target = 6FEC7ED72CB5006500D51AEF /* Lyrics */;
		};
/* End PBXFileSystemSynchronizedBuildFileExceptionSet section */

/* Begin PBXFileSystemSynchronizedRootGroup section */
		6FEC7EDA2CB5006500D51AEF /* Lyrics */ = {
			isa = PBXFileSystemSynchronizedRootGroup;
			exceptions = (
				6FEC7F002CB5006700D51AEF /* Exceptions for "Lyrics" folder in "Lyrics" target */,
			);
			path = Lyrics;
			sourceTree = "<group>";
		};
		6FEC7EF12CB5006700D51AEF /* LyricsTests */ = {
			isa = PBXFileSystemSynchronizedRootGroup;
			path = LyricsTests;
			sourceTree = "<group>";
		};
		6FEC7EFB2CB5006700D51AEF /* LyricsUITests */ = {
			isa = PBXFileSystemSynchronizedRootGroup;
			path = LyricsUITests;
			sourceTree = "<group>";
		};
/* End PBXFileSystemSynchronizedRootGroup section */

/* Begin PBXFrameworksBuildPhase section */
		6FEC7ED52CB5006500D51AEF /* Frameworks */ = {
			isa = PBXFrameworksBuildPhase;
			buildActionMask = 2147483647;
			files = (
			);
			runOnlyForDeploymentPostprocessing = 0;
		};
		6FEC7EEB2CB5006700D51AEF /* Frameworks */ = {
			isa = PBXFrameworksBuildPhase;
			buildActionMask = 2147483647;
			files = (
			);
			runOnlyForDeploymentPostprocessing = 0;
		};
		6FEC7EF52CB5006700D51AEF /* Frameworks */ = {
			isa = PBXFrameworksBuildPhase;
			buildActionMask = 2147483647;
			files = (
			);
			runOnlyForDeploymentPostprocessing = 0;
		};
/* End PBXFrameworksBuildPhase section */

/* Begin PBXGroup section */
		6FEC7ECF2CB5006500D51AEF = {
			isa = PBXGroup;
			children = (
				6FEC7EDA2CB5006500D51AEF /* Lyrics */,
				6FEC7EF12CB5006700D51AEF /* LyricsTests */,
				6FEC7EFB2CB5006700D51AEF /* LyricsUITests */,
				6FEC7ED92CB5006500D51AEF /* Products */,
			);
			sourceTree = "<group>";
		};
		6FEC7ED92CB5006500D51AEF /* Products */ = {
			isa = PBXGroup;
			children = (
				6FEC7ED82CB5006500D51AEF /* Lyrics.app */,
				6FEC7EEE2CB5006700D51AEF /* LyricsTests.xctest */,
				6FEC7EF82CB5006700D51AEF /* LyricsUITests.xctest */,
			);
			name = Products;
			sourceTree = "<group>";
		};
/* End PBXGroup section */

/* Begin PBXNativeTarget section */
		6FEC7ED72CB5006500D51AEF /* Lyrics */ = {
			isa = PBXNativeTarget;
			buildConfigurationList = 6FEC7F012CB5006700D51AEF /* Build configuration list for PBXNativeTarget "Lyrics" */;
			buildPhases = (
				6FEC7ED42CB5006500D51AEF /* Sources */,
				6FEC7ED52CB5006500D51AEF /* Frameworks */,
				6FEC7ED62CB5006500D51AEF /* Resources */,
			);
			buildRules = (
			);
			dependencies = (
			);
			fileSystemSynchronizedGroups = (
				6FEC7EDA2CB5006500D51AEF /* Lyrics */,
			);
			name = Lyrics;
			packageProductDependencies = (
			);
			productName = Lyrics;
			productReference = 6FEC7ED82CB5006500D51AEF /* Lyrics.app */;
			productType = "com.apple.product-type.application";
		};
		6FEC7EED2CB5006700D51AEF /* LyricsTests */ = {
			isa = PBXNativeTarget;
			buildConfigurationList = 6FEC7F062CB5006700D51AEF /* Build configuration list for PBXNativeTarget "LyricsTests" */;
			buildPhases = (
				6FEC7EEA2CB5006700D51AEF /* Sources */,
				6FEC7EEB2CB5006700D51AEF /* Frameworks */,
				6FEC7EEC2CB5006700D51AEF /* Resources */,
			);
			buildRules = (
			);
			dependencies = (
				6FEC7EF02CB5006700D51AEF /* PBXTargetDependency */,
			);
			fileSystemSynchronizedGroups = (
				6FEC7EF12CB5006700D51AEF /* LyricsTests */,
			);
			name = LyricsTests;
			packageProductDependencies = (
			);
			productName = LyricsTests;
			productReference = 6FEC7EEE2CB5006700D51AEF /* LyricsTests.xctest */;
			productType = "com.apple.product-type.bundle.unit-test";
		};
		6FEC7EF72CB5006700D51AEF /* LyricsUITests */ = {
			isa = PBXNativeTarget;
			buildConfigurationList = 6FEC7F092CB5006700D51AEF /* Build configuration list for PBXNativeTarget "LyricsUITests" */;
			buildPhases = (
				6FEC7EF42CB5006700D51AEF /* Sources */,
				6FEC7EF52CB5006700D51AEF /* Frameworks */,
				6FEC7EF62CB5006700D51AEF /* Resources */,
			);
			buildRules = (
			);
			dependencies = (
				6FEC7EFA2CB5006700D51AEF /* PBXTargetDependency */,
			);
			fileSystemSynchronizedGroups = (
				6FEC7EFB2CB5006700D51AEF /* LyricsUITests */,
			);
			name = LyricsUITests;
			packageProductDependencies = (
			);
			productName = LyricsUITests;
			productReference = 6FEC7EF82CB5006700D51AEF /* LyricsUITests.xctest */;
			productType = "com.apple.product-type.bundle.ui-testing";
		};
/* End PBXNativeTarget section */

/* Begin PBXProject section */
		6FEC7ED02CB5006500D51AEF /* Project object */ = {
			isa = PBXProject;
			attributes = {
				BuildIndependentTargetsInParallel = 1;
				LastSwiftUpdateCheck = 1600;
				LastUpgradeCheck = 1600;
				TargetAttributes = {
					6FEC7ED72CB5006500D51AEF = {
						CreatedOnToolsVersion = 16.0;
					};
					6FEC7EED2CB5006700D51AEF = {
						CreatedOnToolsVersion = 16.0;
						TestTargetID = 6FEC7ED72CB5006500D51AEF;
					};
					6FEC7EF72CB5006700D51AEF = {
						CreatedOnToolsVersion = 16.0;
						TestTargetID = 6FEC7ED72CB5006500D51AEF;
					};
				};
			};
			buildConfigurationList = 6FEC7ED32CB5006500D51AEF /* Build configuration list for PBXProject "Lyrics" */;
			developmentRegion = en;
			hasScannedForEncodings = 0;
			knownRegions = (
				en,
				Base,
			);
			mainGroup = 6FEC7ECF2CB5006500D51AEF;
			minimizedProjectReferenceProxies = 1;
			packageReferences = (
				6FEC7F462CB507D100D51AEF /* XCRemoteSwiftPackageReference "Kingfisher" */,
			);
			preferredProjectObjectVersion = 77;
			productRefGroup = 6FEC7ED92CB5006500D51AEF /* Products */;
			projectDirPath = "";
			projectRoot = "";
			targets = (
				6FEC7ED72CB5006500D51AEF /* Lyrics */,
				6FEC7EED2CB5006700D51AEF /* LyricsTests */,
				6FEC7EF72CB5006700D51AEF /* LyricsUITests */,
			);
		};
/* End PBXProject section */

/* Begin PBXResourcesBuildPhase section */
		6FEC7ED62CB5006500D51AEF /* Resources */ = {
			isa = PBXResourcesBuildPhase;
			buildActionMask = 2147483647;
			files = (
			);
			runOnlyForDeploymentPostprocessing = 0;
		};
		6FEC7EEC2CB5006700D51AEF /* Resources */ = {
			isa = PBXResourcesBuildPhase;
			buildActionMask = 2147483647;
			files = (
			);
			runOnlyForDeploymentPostprocessing = 0;
		};
		6FEC7EF62CB5006700D51AEF /* Resources */ = {
			isa = PBXResourcesBuildPhase;
			buildActionMask = 2147483647;
			files = (
			);
			runOnlyForDeploymentPostprocessing = 0;
		};
/* End PBXResourcesBuildPhase section */

/* Begin PBXSourcesBuildPhase section */
		6FEC7ED42CB5006500D51AEF /* Sources */ = {
			isa = PBXSourcesBuildPhase;
			buildActionMask = 2147483647;
			files = (
			);
			runOnlyForDeploymentPostprocessing = 0;
		};
		6FEC7EEA2CB5006700D51AEF /* Sources */ = {
			isa = PBXSourcesBuildPhase;
			buildActionMask = 2147483647;
			files = (
			);
			runOnlyForDeploymentPostprocessing = 0;
		};
		6FEC7EF42CB5006700D51AEF /* Sources */ = {
			isa = PBXSourcesBuildPhase;
			buildActionMask = 2147483647;
			files = (
			);
			runOnlyForDeploymentPostprocessing = 0;
		};
/* End PBXSourcesBuildPhase section */

/* Begin PBXTargetDependency section */
		6FEC7EF02CB5006700D51AEF /* PBXTargetDependency */ = {
			isa = PBXTargetDependency;
			target = 6FEC7ED72CB5006500D51AEF /* Lyrics */;
			targetProxy = 6FEC7EEF2CB5006700D51AEF /* PBXContainerItemProxy */;
		};
		6FEC7EFA2CB5006700D51AEF /* PBXTargetDependency */ = {
			isa = PBXTargetDependency;
			target = 6FEC7ED72CB5006500D51AEF /* Lyrics */;
			targetProxy = 6FEC7EF92CB5006700D51AEF /* PBXContainerItemProxy */;
		};
/* End PBXTargetDependency section */

/* Begin XCBuildConfiguration section */
		6FEC7F022CB5006700D51AEF /* Debug */ = {
			isa = XCBuildConfiguration;
			buildSettings = {
				ASSETCATALOG_COMPILER_APPICON_NAME = AppIcon;
				ASSETCATALOG_COMPILER_GLOBAL_ACCENT_COLOR_NAME = AccentColor;
				CODE_SIGN_STYLE = Automatic;
				CURRENT_PROJECT_VERSION = 1;
				GENERATE_INFOPLIST_FILE = YES;
				INFOPLIST_FILE = Lyrics/Info.plist;
				INFOPLIST_KEY_UIApplicationSupportsIndirectInputEvents = YES;
				INFOPLIST_KEY_UILaunchStoryboardName = LaunchScreen;
				INFOPLIST_KEY_UIMainStoryboardFile = Main;
				INFOPLIST_KEY_UISupportedInterfaceOrientations_iPad = "UIInterfaceOrientationPortrait UIInterfaceOrientationPortraitUpsideDown UIInterfaceOrientationLandscapeLeft UIInterfaceOrientationLandscapeRight";
				INFOPLIST_KEY_UISupportedInterfaceOrientations_iPhone = "UIInterfaceOrientationPortrait UIInterfaceOrientationLandscapeLeft UIInterfaceOrientationLandscapeRight";
				LD_RUNPATH_SEARCH_PATHS = (
					"$(inherited)",
					"@executable_path/Frameworks",
				);
				MARKETING_VERSION = 1.0;
				PRODUCT_BUNDLE_IDENTIFIER = Centertek.Lyrics;
				PRODUCT_NAME = "$(TARGET_NAME)";
				SWIFT_EMIT_LOC_STRINGS = YES;
				SWIFT_VERSION = 5.0;
				TARGETED_DEVICE_FAMILY = "1,2";
			};
			name = Debug;
		};
		6FEC7F032CB5006700D51AEF /* Release */ = {
			isa = XCBuildConfiguration;
			buildSettings = {
				ASSETCATALOG_COMPILER_APPICON_NAME = AppIcon;
				ASSETCATALOG_COMPILER_GLOBAL_ACCENT_COLOR_NAME = AccentColor;
				CODE_SIGN_STYLE = Automatic;
				CURRENT_PROJECT_VERSION = 1;
				GENERATE_INFOPLIST_FILE = YES;
				INFOPLIST_FILE = Lyrics/Info.plist;
				INFOPLIST_KEY_UIApplicationSupportsIndirectInputEvents = YES;
				INFOPLIST_KEY_UILaunchStoryboardName = LaunchScreen;
				INFOPLIST_KEY_UIMainStoryboardFile = Main;
				INFOPLIST_KEY_UISupportedInterfaceOrientations_iPad = "UIInterfaceOrientationPortrait UIInterfaceOrientationPortraitUpsideDown UIInterfaceOrientationLandscapeLeft UIInterfaceOrientationLandscapeRight";
				INFOPLIST_KEY_UISupportedInterfaceOrientations_iPhone = "UIInterfaceOrientationPortrait UIInterfaceOrientationLandscapeLeft UIInterfaceOrientationLandscapeRight";
				LD_RUNPATH_SEARCH_PATHS = (
					"$(inherited)",
					"@executable_path/Frameworks",
				);
				MARKETING_VERSION = 1.0;
				PRODUCT_BUNDLE_IDENTIFIER = Centertek.Lyrics;
				PRODUCT_NAME = "$(TARGET_NAME)";
				SWIFT_EMIT_LOC_STRINGS = YES;
				SWIFT_VERSION = 5.0;
				TARGETED_DEVICE_FAMILY = "1,2";
			};
			name = Release;
		};
		6FEC7F042CB5006700D51AEF /* Debug */ = {
			isa = XCBuildConfiguration;
			buildSettings = {
				ALWAYS_SEARCH_USER_PATHS = NO;
				ASSETCATALOG_COMPILER_GENERATE_SWIFT_ASSET_SYMBOL_EXTENSIONS = YES;
				CLANG_ANALYZER_NONNULL = YES;
				CLANG_ANALYZER_NUMBER_OBJECT_CONVERSION = YES_AGGRESSIVE;
				CLANG_CXX_LANGUAGE_STANDARD = "gnu++20";
				CLANG_ENABLE_MODULES = YES;
				CLANG_ENABLE_OBJC_ARC = YES;
				CLANG_ENABLE_OBJC_WEAK = YES;
				CLANG_WARN_BLOCK_CAPTURE_AUTORELEASING = YES;
				CLANG_WARN_BOOL_CONVERSION = YES;
				CLANG_WARN_COMMA = YES;
				CLANG_WARN_CONSTANT_CONVERSION = YES;
				CLANG_WARN_DEPRECATED_OBJC_IMPLEMENTATIONS = YES;
				CLANG_WARN_DIRECT_OBJC_ISA_USAGE = YES_ERROR;
				CLANG_WARN_DOCUMENTATION_COMMENTS = YES;
				CLANG_WARN_EMPTY_BODY = YES;
				CLANG_WARN_ENUM_CONVERSION = YES;
				CLANG_WARN_INFINITE_RECURSION = YES;
				CLANG_WARN_INT_CONVERSION = YES;
				CLANG_WARN_NON_LITERAL_NULL_CONVERSION = YES;
				CLANG_WARN_OBJC_IMPLICIT_RETAIN_SELF = YES;
				CLANG_WARN_OBJC_LITERAL_CONVERSION = YES;
				CLANG_WARN_OBJC_ROOT_CLASS = YES_ERROR;
				CLANG_WARN_QUOTED_INCLUDE_IN_FRAMEWORK_HEADER = YES;
				CLANG_WARN_RANGE_LOOP_ANALYSIS = YES;
				CLANG_WARN_STRICT_PROTOTYPES = YES;
				CLANG_WARN_SUSPICIOUS_MOVE = YES;
				CLANG_WARN_UNGUARDED_AVAILABILITY = YES_AGGRESSIVE;
				CLANG_WARN_UNREACHABLE_CODE = YES;
				CLANG_WARN__DUPLICATE_METHOD_MATCH = YES;
				COPY_PHASE_STRIP = NO;
				DEBUG_INFORMATION_FORMAT = dwarf;
				ENABLE_STRICT_OBJC_MSGSEND = YES;
				ENABLE_TESTABILITY = YES;
				ENABLE_USER_SCRIPT_SANDBOXING = YES;
				GCC_C_LANGUAGE_STANDARD = gnu17;
				GCC_DYNAMIC_NO_PIC = NO;
				GCC_NO_COMMON_BLOCKS = YES;
				GCC_OPTIMIZATION_LEVEL = 0;
				GCC_PREPROCESSOR_DEFINITIONS = (
					"DEBUG=1",
					"$(inherited)",
				);
				GCC_WARN_64_TO_32_BIT_CONVERSION = YES;
				GCC_WARN_ABOUT_RETURN_TYPE = YES_ERROR;
				GCC_WARN_UNDECLARED_SELECTOR = YES;
				GCC_WARN_UNINITIALIZED_AUTOS = YES_AGGRESSIVE;
				GCC_WARN_UNUSED_FUNCTION = YES;
				GCC_WARN_UNUSED_VARIABLE = YES;
				IPHONEOS_DEPLOYMENT_TARGET = 18.0;
				LOCALIZATION_PREFERS_STRING_CATALOGS = YES;
				MTL_ENABLE_DEBUG_INFO = INCLUDE_SOURCE;
				MTL_FAST_MATH = YES;
				ONLY_ACTIVE_ARCH = YES;
				SDKROOT = iphoneos;
				SWIFT_ACTIVE_COMPILATION_CONDITIONS = "DEBUG $(inherited)";
				SWIFT_OPTIMIZATION_LEVEL = "-Onone";
			};
			name = Debug;
		};
		6FEC7F052CB5006700D51AEF /* Release */ = {
			isa = XCBuildConfiguration;
			buildSettings = {
				ALWAYS_SEARCH_USER_PATHS = NO;
				ASSETCATALOG_COMPILER_GENERATE_SWIFT_ASSET_SYMBOL_EXTENSIONS = YES;
				CLANG_ANALYZER_NONNULL = YES;
				CLANG_ANALYZER_NUMBER_OBJECT_CONVERSION = YES_AGGRESSIVE;
				CLANG_CXX_LANGUAGE_STANDARD = "gnu++20";
				CLANG_ENABLE_MODULES = YES;
				CLANG_ENABLE_OBJC_ARC = YES;
				CLANG_ENABLE_OBJC_WEAK = YES;
				CLANG_WARN_BLOCK_CAPTURE_AUTORELEASING = YES;
				CLANG_WARN_BOOL_CONVERSION = YES;
				CLANG_WARN_COMMA = YES;
				CLANG_WARN_CONSTANT_CONVERSION = YES;
				CLANG_WARN_DEPRECATED_OBJC_IMPLEMENTATIONS = YES;
				CLANG_WARN_DIRECT_OBJC_ISA_USAGE = YES_ERROR;
				CLANG_WARN_DOCUMENTATION_COMMENTS = YES;
				CLANG_WARN_EMPTY_BODY = YES;
				CLANG_WARN_ENUM_CONVERSION = YES;
				CLANG_WARN_INFINITE_RECURSION = YES;
				CLANG_WARN_INT_CONVERSION = YES;
				CLANG_WARN_NON_LITERAL_NULL_CONVERSION = YES;
				CLANG_WARN_OBJC_IMPLICIT_RETAIN_SELF = YES;
				CLANG_WARN_OBJC_LITERAL_CONVERSION = YES;
				CLANG_WARN_OBJC_ROOT_CLASS = YES_ERROR;
				CLANG_WARN_QUOTED_INCLUDE_IN_FRAMEWORK_HEADER = YES;
				CLANG_WARN_RANGE_LOOP_ANALYSIS = YES;
				CLANG_WARN_STRICT_PROTOTYPES = YES;
				CLANG_WARN_SUSPICIOUS_MOVE = YES;
				CLANG_WARN_UNGUARDED_AVAILABILITY = YES_AGGRESSIVE;
				CLANG_WARN_UNREACHABLE_CODE = YES;
				CLANG_WARN__DUPLICATE_METHOD_MATCH = YES;
				COPY_PHASE_STRIP = NO;
				DEBUG_INFORMATION_FORMAT = "dwarf-with-dsym";
				ENABLE_NS_ASSERTIONS = NO;
				ENABLE_STRICT_OBJC_MSGSEND = YES;
				ENABLE_USER_SCRIPT_SANDBOXING = YES;
				GCC_C_LANGUAGE_STANDARD = gnu17;
				GCC_NO_COMMON_BLOCKS = YES;
				GCC_WARN_64_TO_32_BIT_CONVERSION = YES;
				GCC_WARN_ABOUT_RETURN_TYPE = YES_ERROR;
				GCC_WARN_UNDECLARED_SELECTOR = YES;
				GCC_WARN_UNINITIALIZED_AUTOS = YES_AGGRESSIVE;
				GCC_WARN_UNUSED_FUNCTION = YES;
				GCC_WARN_UNUSED_VARIABLE = YES;
				IPHONEOS_DEPLOYMENT_TARGET = 18.0;
				LOCALIZATION_PREFERS_STRING_CATALOGS = YES;
				MTL_ENABLE_DEBUG_INFO = NO;
				MTL_FAST_MATH = YES;
				SDKROOT = iphoneos;
				SWIFT_COMPILATION_MODE = wholemodule;
				VALIDATE_PRODUCT = YES;
			};
			name = Release;
		};
		6FEC7F072CB5006700D51AEF /* Debug */ = {
			isa = XCBuildConfiguration;
			buildSettings = {
				BUNDLE_LOADER = "$(TEST_HOST)";
				CODE_SIGN_STYLE = Automatic;
				CURRENT_PROJECT_VERSION = 1;
				GENERATE_INFOPLIST_FILE = YES;
				IPHONEOS_DEPLOYMENT_TARGET = 18.0;
				MARKETING_VERSION = 1.0;
				PRODUCT_BUNDLE_IDENTIFIER = Centertek.LyricsTests;
				PRODUCT_NAME = "$(TARGET_NAME)";
				SWIFT_EMIT_LOC_STRINGS = NO;
				SWIFT_VERSION = 5.0;
				TARGETED_DEVICE_FAMILY = "1,2";
				TEST_HOST = "$(BUILT_PRODUCTS_DIR)/Lyrics.app/$(BUNDLE_EXECUTABLE_FOLDER_PATH)/Lyrics";
			};
			name = Debug;
		};
		6FEC7F082CB5006700D51AEF /* Release */ = {
			isa = XCBuildConfiguration;
			buildSettings = {
				BUNDLE_LOADER = "$(TEST_HOST)";
				CODE_SIGN_STYLE = Automatic;
				CURRENT_PROJECT_VERSION = 1;
				GENERATE_INFOPLIST_FILE = YES;
				IPHONEOS_DEPLOYMENT_TARGET = 18.0;
				MARKETING_VERSION = 1.0;
				PRODUCT_BUNDLE_IDENTIFIER = Centertek.LyricsTests;
				PRODUCT_NAME = "$(TARGET_NAME)";
				SWIFT_EMIT_LOC_STRINGS = NO;
				SWIFT_VERSION = 5.0;
				TARGETED_DEVICE_FAMILY = "1,2";
				TEST_HOST = "$(BUILT_PRODUCTS_DIR)/Lyrics.app/$(BUNDLE_EXECUTABLE_FOLDER_PATH)/Lyrics";
			};
			name = Release;
		};
		6FEC7F0A2CB5006700D51AEF /* Debug */ = {
			isa = XCBuildConfiguration;
			buildSettings = {
				CODE_SIGN_STYLE = Automatic;
				CURRENT_PROJECT_VERSION = 1;
				GENERATE_INFOPLIST_FILE = YES;
				MARKETING_VERSION = 1.0;
				PRODUCT_BUNDLE_IDENTIFIER = Centertek.LyricsUITests;
				PRODUCT_NAME = "$(TARGET_NAME)";
				SWIFT_EMIT_LOC_STRINGS = NO;
				SWIFT_VERSION = 5.0;
				TARGETED_DEVICE_FAMILY = "1,2";
				TEST_TARGET_NAME = Lyrics;
			};
			name = Debug;
		};
		6FEC7F0B2CB5006700D51AEF /* Release */ = {
			isa = XCBuildConfiguration;
			buildSettings = {
				CODE_SIGN_STYLE = Automatic;
				CURRENT_PROJECT_VERSION = 1;
				GENERATE_INFOPLIST_FILE = YES;
				MARKETING_VERSION = 1.0;
				PRODUCT_BUNDLE_IDENTIFIER = Centertek.LyricsUITests;
				PRODUCT_NAME = "$(TARGET_NAME)";
				SWIFT_EMIT_LOC_STRINGS = NO;
				SWIFT_VERSION = 5.0;
				TARGETED_DEVICE_FAMILY = "1,2";
				TEST_TARGET_NAME = Lyrics;
			};
			name = Release;
		};
/* End XCBuildConfiguration section */

/* Begin XCConfigurationList section */
		6FEC7ED32CB5006500D51AEF /* Build configuration list for PBXProject "Lyrics" */ = {
			isa = XCConfigurationList;
			buildConfigurations = (
				6FEC7F042CB5006700D51AEF /* Debug */,
				6FEC7F052CB5006700D51AEF /* Release */,
			);
			defaultConfigurationIsVisible = 0;
			defaultConfigurationName = Release;
		};
		6FEC7F012CB5006700D51AEF /* Build configuration list for PBXNativeTarget "Lyrics" */ = {
			isa = XCConfigurationList;
			buildConfigurations = (
				6FEC7F022CB5006700D51AEF /* Debug */,
				6FEC7F032CB5006700D51AEF /* Release */,
			);
			defaultConfigurationIsVisible = 0;
			defaultConfigurationName = Release;
		};
		6FEC7F062CB5006700D51AEF /* Build configuration list for PBXNativeTarget "LyricsTests" */ = {
			isa = XCConfigurationList;
			buildConfigurations = (
				6FEC7F072CB5006700D51AEF /* Debug */,
				6FEC7F082CB5006700D51AEF /* Release */,
			);
			defaultConfigurationIsVisible = 0;
			defaultConfigurationName = Release;
		};
		6FEC7F092CB5006700D51AEF /* Build configuration list for PBXNativeTarget "LyricsUITests" */ = {
			isa = XCConfigurationList;
			buildConfigurations = (
				6FEC7F0A2CB5006700D51AEF /* Debug */,
				6FEC7F0B2CB5006700D51AEF /* Release */,
			);
			defaultConfigurationIsVisible = 0;
			defaultConfigurationName = Release;
		};
/* End XCConfigurationList section */

/* Begin XCRemoteSwiftPackageReference section */
		6FEC7F462CB507D100D51AEF /* XCRemoteSwiftPackageReference "Kingfisher" */ = {
			isa = XCRemoteSwiftPackageReference;
			repositoryURL = "https://github.com/onevcat/Kingfisher";
			requirement = {
				kind = upToNextMajorVersion;
				minimumVersion = 8.0.3;
			};
		};
/* End XCRemoteSwiftPackageReference section */
	};
	rootObject = 6FEC7ED02CB5006500D51AEF /* Project object */;
}
